
Microsoft Visual Studio Solution File, Format Version 12.00
# Visual Studio Version 17
VisualStudioVersion = 17.3.32825.248
MinimumVisualStudioVersion = 10.0.40219.1
Project("{FAE04EC0-301F-11D3-BF4B-00C04F79EFBC}") = "secondprac", "secondprac\secondprac.csproj", "{1B098F04-94B3-49B0-A259-DA074D7B3FDA}"
EndProject
Global
	GlobalSection(SolutionConfigurationPlatforms) = preSolution
		Debug|Any CPU = Debug|Any CPU
		Release|Any CPU = Release|Any CPU
	EndGlobalSection
	GlobalSection(ProjectConfigurationPlatforms) = postSolution
		{1B098F04-94B3-49B0-A259-DA074D7B3FDA}.Debug|Any CPU.ActiveCfg = Debug|Any CPU
		{1B098F04-94B3-49B0-A259-DA074D7B3FDA}.Debug|Any CPU.Build.0 = Debug|Any CPU
		{1B098F04-94B3-49B0-A259-DA074D7B3FDA}.Release|Any CPU.ActiveCfg = Release|Any CPU
		{1B098F04-94B3-49B0-A259-DA074D7B3FDA}.Release|Any CPU.Build.0 = Release|Any CPU
	EndGlobalSection
	GlobalSection(SolutionProperties) = preSolution
		HideSolutionNode = FALSE
	EndGlobalSection
	GlobalSection(ExtensibilityGlobals) = postSolution
		SolutionGuid = {B0211793-D8D1-4C30-A45D-8B370455E133}
	EndGlobalSection
EndGlobal
